// !$*UTF8*$!
{
	archiveVersion = 1;
	classes = {
	};
	objectVersion = 60;
	objects = {

/* Begin PBXBuildFile section */
		5C6EDB3F2C91264500C95AD2 /* Todo_KAWAIIApp.swift in Sources */ = {isa = PBXBuildFile; fileRef = 5C6EDB3E2C91264500C95AD2 /* Todo_KAWAIIApp.swift */; };
		5C6EDB412C91264500C95AD2 /* ContentView.swift in Sources */ = {isa = PBXBuildFile; fileRef = 5C6EDB402C91264500C95AD2 /* ContentView.swift */; };
		5C6EDB432C91264500C95AD2 /* Item.swift in Sources */ = {isa = PBXBuildFile; fileRef = 5C6EDB422C91264500C95AD2 /* Item.swift */; };
		5C6EDB452C91264600C95AD2 /* Assets.xcassets in Resources */ = {isa = PBXBuildFile; fileRef = 5C6EDB442C91264600C95AD2 /* Assets.xcassets */; };
		5C6EDB482C91264600C95AD2 /* Preview Assets.xcassets in Resources */ = {isa = PBXBuildFile; fileRef = 5C6EDB472C91264600C95AD2 /* Preview Assets.xcassets */; };
		5C6EDB522C91264700C95AD2 /* Todo_KAWAIITests.swift in Sources */ = {isa = PBXBuildFile; fileRef = 5C6EDB512C91264700C95AD2 /* Todo_KAWAIITests.swift */; };
		5C6EDB5C2C91264700C95AD2 /* Todo_KAWAIIUITests.swift in Sources */ = {isa = PBXBuildFile; fileRef = 5C6EDB5B2C91264700C95AD2 /* Todo_KAWAIIUITests.swift */; };
		5C6EDB5E2C91264700C95AD2 /* Todo_KAWAIIUITestsLaunchTests.swift in Sources */ = {isa = PBXBuildFile; fileRef = 5C6EDB5D2C91264700C95AD2 /* Todo_KAWAIIUITestsLaunchTests.swift */; };
/* End PBXBuildFile section */

/* Begin PBXContainerItemProxy section */
		5C6EDB4E2C91264700C95AD2 /* PBXContainerItemProxy */ = {
			isa = PBXContainerItemProxy;
			containerPortal = 5C6EDB332C91264500C95AD2 /* Project object */;
			proxyType = 1;
			remoteGlobalIDString = 5C6EDB3A2C91264500C95AD2;
			remoteInfo = "Todo KAWAII";
		};
		5C6EDB582C91264700C95AD2 /* PBXContainerItemProxy */ = {
			isa = PBXContainerItemProxy;
			containerPortal = 5C6EDB332C91264500C95AD2 /* Project object */;
			proxyType = 1;
			remoteGlobalIDString = 5C6EDB3A2C91264500C95AD2;
			remoteInfo = "Todo KAWAII";
		};
/* End PBXContainerItemProxy section */

/* Begin PBXFileReference section */
		5C6EDB3B2C91264500C95AD2 /* Todo KAWAII.app */ = {isa = PBXFileReference; explicitFileType = wrapper.application; includeInIndex = 0; path = "Todo KAWAII.app"; sourceTree = BUILT_PRODUCTS_DIR; };
		5C6EDB3E2C91264500C95AD2 /* Todo_KAWAIIApp.swift */ = {isa = PBXFileReference; lastKnownFileType = sourcecode.swift; path = Todo_KAWAIIApp.swift; sourceTree = "<group>"; };
		5C6EDB402C91264500C95AD2 /* ContentView.swift */ = {isa = PBXFileReference; lastKnownFileType = sourcecode.swift; path = ContentView.swift; sourceTree = "<group>"; };
		5C6EDB422C91264500C95AD2 /* Item.swift */ = {isa = PBXFileReference; lastKnownFileType = sourcecode.swift; path = Item.swift; sourceTree = "<group>"; };
		5C6EDB442C91264600C95AD2 /* Assets.xcassets */ = {isa = PBXFileReference; lastKnownFileType = folder.assetcatalog; path = Assets.xcassets; sourceTree = "<group>"; };
		5C6EDB472C91264600C95AD2 /* Preview Assets.xcassets */ = {isa = PBXFileReference; lastKnownFileType = folder.assetcatalog; path = "Preview Assets.xcassets"; sourceTree = "<group>"; };
		5C6EDB4D2C91264700C95AD2 /* Todo KAWAIITests.xctest */ = {isa = PBXFileReference; explicitFileType = wrapper.cfbundle; includeInIndex = 0; path = "Todo KAWAIITests.xctest"; sourceTree = BUILT_PRODUCTS_DIR; };
		5C6EDB512C91264700C95AD2 /* Todo_KAWAIITests.swift */ = {isa = PBXFileReference; lastKnownFileType = sourcecode.swift; path = Todo_KAWAIITests.swift; sourceTree = "<group>"; };
		5C6EDB572C91264700C95AD2 /* Todo KAWAIIUITests.xctest */ = {isa = PBXFileReference; explicitFileType = wrapper.cfbundle; includeInIndex = 0; path = "Todo KAWAIIUITests.xctest"; sourceTree = BUILT_PRODUCTS_DIR; };
		5C6EDB5B2C91264700C95AD2 /* Todo_KAWAIIUITests.swift */ = {isa = PBXFileReference; lastKnownFileType = sourcecode.swift; path = Todo_KAWAIIUITests.swift; sourceTree = "<group>"; };
		5C6EDB5D2C91264700C95AD2 /* Todo_KAWAIIUITestsLaunchTests.swift */ = {isa = PBXFileReference; lastKnownFileType = sourcecode.swift; path = Todo_KAWAIIUITestsLaunchTests.swift; sourceTree = "<group>"; };
/* End PBXFileReference section */

/* Begin PBXFrameworksBuildPhase section */
		5C6EDB382C91264500C95AD2 /* Frameworks */ = {
			isa = PBXFrameworksBuildPhase;
			buildActionMask = 2147483647;
			files = (
			);
			runOnlyForDeploymentPostprocessing = 0;
		};
		5C6EDB4A2C91264700C95AD2 /* Frameworks */ = {
			isa = PBXFrameworksBuildPhase;
			buildActionMask = 2147483647;
			files = (
			);
			runOnlyForDeploymentPostprocessing = 0;
		};
		5C6EDB542C91264700C95AD2 /* Frameworks */ = {
			isa = PBXFrameworksBuildPhase;
			buildActionMask = 2147483647;
			files = (
			);
			runOnlyForDeploymentPostprocessing = 0;
		};
/* End PBXFrameworksBuildPhase section */

/* Begin PBXGroup section */
		5C6EDB322C91264500C95AD2 = {
			isa = PBXGroup;
			children = (
				5C6EDB3D2C91264500C95AD2 /* Todo KAWAII */,
				5C6EDB502C91264700C95AD2 /* Todo KAWAIITests */,
				5C6EDB5A2C91264700C95AD2 /* Todo KAWAIIUITests */,
				5C6EDB3C2C91264500C95AD2 /* Products */,
			);
			sourceTree = "<group>";
		};
		5C6EDB3C2C91264500C95AD2 /* Products */ = {
			isa = PBXGroup;
			children = (
				5C6EDB3B2C91264500C95AD2 /* Todo KAWAII.app */,
				5C6EDB4D2C91264700C95AD2 /* Todo KAWAIITests.xctest */,
				5C6EDB572C91264700C95AD2 /* Todo KAWAIIUITests.xctest */,
			);
			name = Products;
			sourceTree = "<group>";
		};
		5C6EDB3D2C91264500C95AD2 /* Todo KAWAII */ = {
			isa = PBXGroup;
			children = (
				5C6EDB3E2C91264500C95AD2 /* Todo_KAWAIIApp.swift */,
				5C6EDB402C91264500C95AD2 /* ContentView.swift */,
				5C6EDB422C91264500C95AD2 /* Item.swift */,
				5C6EDB442C91264600C95AD2 /* Assets.xcassets */,
				5C6EDB462C91264600C95AD2 /* Preview Content */,
			);
			path = "Todo KAWAII";
			sourceTree = "<group>";
		};
		5C6EDB462C91264600C95AD2 /* Preview Content */ = {
			isa = PBXGroup;
			children = (
				5C6EDB472C91264600C95AD2 /* Preview Assets.xcassets */,
			);
			path = "Preview Content";
			sourceTree = "<group>";
		};
		5C6EDB502C91264700C95AD2 /* Todo KAWAIITests */ = {
			isa = PBXGroup;
			children = (
				5C6EDB512C91264700C95AD2 /* Todo_KAWAIITests.swift */,
			);
			path = "Todo KAWAIITests";
			sourceTree = "<group>";
		};
		5C6EDB5A2C91264700C95AD2 /* Todo KAWAIIUITests */ = {
			isa = PBXGroup;
			children = (
				5C6EDB5B2C91264700C95AD2 /* Todo_KAWAIIUITests.swift */,
				5C6EDB5D2C91264700C95AD2 /* Todo_KAWAIIUITestsLaunchTests.swift */,
			);
			path = "Todo KAWAIIUITests";
			sourceTree = "<group>";
		};
/* End PBXGroup section */

/* Begin PBXNativeTarget section */
		5C6EDB3A2C91264500C95AD2 /* Todo KAWAII */ = {
			isa = PBXNativeTarget;
			buildConfigurationList = 5C6EDB612C91264700C95AD2 /* Build configuration list for PBXNativeTarget "Todo KAWAII" */;
			buildPhases = (
				5C6EDB372C91264500C95AD2 /* Sources */,
				5C6EDB382C91264500C95AD2 /* Frameworks */,
				5C6EDB392C91264500C95AD2 /* Resources */,
			);
			buildRules = (
			);
			dependencies = (
			);
			name = "Todo KAWAII";
			productName = "Todo KAWAII";
			productReference = 5C6EDB3B2C91264500C95AD2 /* Todo KAWAII.app */;
			productType = "com.apple.product-type.application";
		};
		5C6EDB4C2C91264700C95AD2 /* Todo KAWAIITests */ = {
			isa = PBXNativeTarget;
			buildConfigurationList = 5C6EDB642C91264700C95AD2 /* Build configuration list for PBXNativeTarget "Todo KAWAIITests" */;
			buildPhases = (
				5C6EDB492C91264700C95AD2 /* Sources */,
				5C6EDB4A2C91264700C95AD2 /* Frameworks */,
				5C6EDB4B2C91264700C95AD2 /* Resources */,
			);
			buildRules = (
			);
			dependencies = (
				5C6EDB4F2C91264700C95AD2 /* PBXTargetDependency */,
			);
			name = "Todo KAWAIITests";
			productName = "Todo KAWAIITests";
			productReference = 5C6EDB4D2C91264700C95AD2 /* Todo KAWAIITests.xctest */;
			productType = "com.apple.product-type.bundle.unit-test";
		};
		5C6EDB562C91264700C95AD2 /* Todo KAWAIIUITests */ = {
			isa = PBXNativeTarget;
			buildConfigurationList = 5C6EDB672C91264700C95AD2 /* Build configuration list for PBXNativeTarget "Todo KAWAIIUITests" */;
			buildPhases = (
				5C6EDB532C91264700C95AD2 /* Sources */,
				5C6EDB542C91264700C95AD2 /* Frameworks */,
				5C6EDB552C91264700C95AD2 /* Resources */,
			);
			buildRules = (
			);
			dependencies = (
				5C6EDB592C91264700C95AD2 /* PBXTargetDependency */,
			);
			name = "Todo KAWAIIUITests";
			productName = "Todo KAWAIIUITests";
			productReference = 5C6EDB572C91264700C95AD2 /* Todo KAWAIIUITests.xctest */;
			productType = "com.apple.product-type.bundle.ui-testing";
		};
/* End PBXNativeTarget section */

/* Begin PBXProject section */
		5C6EDB332C91264500C95AD2 /* Project object */ = {
			isa = PBXProject;
			attributes = {
				BuildIndependentTargetsInParallel = 1;
				LastSwiftUpdateCheck = 1600;
				LastUpgradeCheck = 1600;
				TargetAttributes = {
					5C6EDB3A2C91264500C95AD2 = {
						CreatedOnToolsVersion = 16.0;
					};
					5C6EDB4C2C91264700C95AD2 = {
						CreatedOnToolsVersion = 16.0;
						TestTargetID = 5C6EDB3A2C91264500C95AD2;
					};
					5C6EDB562C91264700C95AD2 = {
						CreatedOnToolsVersion = 16.0;
						TestTargetID = 5C6EDB3A2C91264500C95AD2;
					};
				};
			};
			buildConfigurationList = 5C6EDB362C91264500C95AD2 /* Build configuration list for PBXProject "Todo KAWAII" */;
			compatibilityVersion = "Xcode 15.0";
			developmentRegion = en;
			hasScannedForEncodings = 0;
			knownRegions = (
				en,
				Base,
			);
			mainGroup = 5C6EDB322C91264500C95AD2;
			productRefGroup = 5C6EDB3C2C91264500C95AD2 /* Products */;
			projectDirPath = "";
			projectRoot = "";
			targets = (
				5C6EDB3A2C91264500C95AD2 /* Todo KAWAII */,
				5C6EDB4C2C91264700C95AD2 /* Todo KAWAIITests */,
				5C6EDB562C91264700C95AD2 /* Todo KAWAIIUITests */,
			);
		};
/* End PBXProject section */

/* Begin PBXResourcesBuildPhase section */
		5C6EDB392C91264500C95AD2 /* Resources */ = {
			isa = PBXResourcesBuildPhase;
			buildActionMask = 2147483647;
			files = (
				5C6EDB482C91264600C95AD2 /* Preview Assets.xcassets in Resources */,
				5C6EDB452C91264600C95AD2 /* Assets.xcassets in Resources */,
			);
			runOnlyForDeploymentPostprocessing = 0;
		};
		5C6EDB4B2C91264700C95AD2 /* Resources */ = {
			isa = PBXResourcesBuildPhase;
			buildActionMask = 2147483647;
			files = (
			);
			runOnlyForDeploymentPostprocessing = 0;
		};
		5C6EDB552C91264700C95AD2 /* Resources */ = {
			isa = PBXResourcesBuildPhase;
			buildActionMask = 2147483647;
			files = (
			);
			runOnlyForDeploymentPostprocessing = 0;
		};
/* End PBXResourcesBuildPhase section */

/* Begin PBXSourcesBuildPhase section */
		5C6EDB372C91264500C95AD2 /* Sources */ = {
			isa = PBXSourcesBuildPhase;
			buildActionMask = 2147483647;
			files = (
				5C6EDB412C91264500C95AD2 /* ContentView.swift in Sources */,
				5C6EDB432C91264500C95AD2 /* Item.swift in Sources */,
				5C6EDB3F2C91264500C95AD2 /* Todo_KAWAIIApp.swift in Sources */,
			);
			runOnlyForDeploymentPostprocessing = 0;
		};
		5C6EDB492C91264700C95AD2 /* Sources */ = {
			isa = PBXSourcesBuildPhase;
			buildActionMask = 2147483647;
			files = (
				5C6EDB522C91264700C95AD2 /* Todo_KAWAIITests.swift in Sources */,
			);
			runOnlyForDeploymentPostprocessing = 0;
		};
		5C6EDB532C91264700C95AD2 /* Sources */ = {
			isa = PBXSourcesBuildPhase;
			buildActionMask = 2147483647;
			files = (
				5C6EDB5E2C91264700C95AD2 /* Todo_KAWAIIUITestsLaunchTests.swift in Sources */,
				5C6EDB5C2C91264700C95AD2 /* Todo_KAWAIIUITests.swift in Sources */,
			);
			runOnlyForDeploymentPostprocessing = 0;
		};
/* End PBXSourcesBuildPhase section */

/* Begin PBXTargetDependency section */
		5C6EDB4F2C91264700C95AD2 /* PBXTargetDependency */ = {
			isa = PBXTargetDependency;
			target = 5C6EDB3A2C91264500C95AD2 /* Todo KAWAII */;
			targetProxy = 5C6EDB4E2C91264700C95AD2 /* PBXContainerItemProxy */;
		};
		5C6EDB592C91264700C95AD2 /* PBXTargetDependency */ = {
			isa = PBXTargetDependency;
			target = 5C6EDB3A2C91264500C95AD2 /* Todo KAWAII */;
			targetProxy = 5C6EDB582C91264700C95AD2 /* PBXContainerItemProxy */;
		};
/* End PBXTargetDependency section */

/* Begin XCBuildConfiguration section */
		5C6EDB5F2C91264700C95AD2 /* Debug */ = {
			isa = XCBuildConfiguration;
			buildSettings = {
				ALWAYS_SEARCH_USER_PATHS = NO;
				ASSETCATALOG_COMPILER_GENERATE_SWIFT_ASSET_SYMBOL_EXTENSIONS = YES;
				CLANG_ANALYZER_NONNULL = YES;
				CLANG_ANALYZER_NUMBER_OBJECT_CONVERSION = YES_AGGRESSIVE;
				CLANG_CXX_LANGUAGE_STANDARD = "gnu++20";
				CLANG_ENABLE_MODULES = YES;
				CLANG_ENABLE_OBJC_ARC = YES;
				CLANG_ENABLE_OBJC_WEAK = YES;
				CLANG_WARN_BLOCK_CAPTURE_AUTORELEASING = YES;
				CLANG_WARN_BOOL_CONVERSION = YES;
				CLANG_WARN_COMMA = YES;
				CLANG_WARN_CONSTANT_CONVERSION = YES;
				CLANG_WARN_DEPRECATED_OBJC_IMPLEMENTATIONS = YES;
				CLANG_WARN_DIRECT_OBJC_ISA_USAGE = YES_ERROR;
				CLANG_WARN_DOCUMENTATION_COMMENTS = YES;
				CLANG_WARN_EMPTY_BODY = YES;
				CLANG_WARN_ENUM_CONVERSION = YES;
				CLANG_WARN_INFINITE_RECURSION = YES;
				CLANG_WARN_INT_CONVERSION = YES;
				CLANG_WARN_NON_LITERAL_NULL_CONVERSION = YES;
				CLANG_WARN_OBJC_IMPLICIT_RETAIN_SELF = YES;
				CLANG_WARN_OBJC_LITERAL_CONVERSION = YES;
				CLANG_WARN_OBJC_ROOT_CLASS = YES_ERROR;
				CLANG_WARN_QUOTED_INCLUDE_IN_FRAMEWORK_HEADER = YES;
				CLANG_WARN_RANGE_LOOP_ANALYSIS = YES;
				CLANG_WARN_STRICT_PROTOTYPES = YES;
				CLANG_WARN_SUSPICIOUS_MOVE = YES;
				CLANG_WARN_UNGUARDED_AVAILABILITY = YES_AGGRESSIVE;
				CLANG_WARN_UNREACHABLE_CODE = YES;
				CLANG_WARN__DUPLICATE_METHOD_MATCH = YES;
				COPY_PHASE_STRIP = NO;
				DEBUG_INFORMATION_FORMAT = dwarf;
				ENABLE_STRICT_OBJC_MSGSEND = YES;
				ENABLE_TESTABILITY = YES;
				ENABLE_USER_SCRIPT_SANDBOXING = YES;
				GCC_C_LANGUAGE_STANDARD = gnu17;
				GCC_DYNAMIC_NO_PIC = NO;
				GCC_NO_COMMON_BLOCKS = YES;
				GCC_OPTIMIZATION_LEVEL = 0;
				GCC_PREPROCESSOR_DEFINITIONS = (
					"DEBUG=1",
					"$(inherited)",
				);
				GCC_WARN_64_TO_32_BIT_CONVERSION = YES;
				GCC_WARN_ABOUT_RETURN_TYPE = YES_ERROR;
				GCC_WARN_UNDECLARED_SELECTOR = YES;
				GCC_WARN_UNINITIALIZED_AUTOS = YES_AGGRESSIVE;
				GCC_WARN_UNUSED_FUNCTION = YES;
				GCC_WARN_UNUSED_VARIABLE = YES;
				IPHONEOS_DEPLOYMENT_TARGET = 18.0;
				LOCALIZATION_PREFERS_STRING_CATALOGS = YES;
				MTL_ENABLE_DEBUG_INFO = INCLUDE_SOURCE;
				MTL_FAST_MATH = YES;
				ONLY_ACTIVE_ARCH = YES;
				SDKROOT = iphoneos;
				SWIFT_ACTIVE_COMPILATION_CONDITIONS = "DEBUG $(inherited)";
				SWIFT_OPTIMIZATION_LEVEL = "-Onone";
			};
			name = Debug;
		};
		5C6EDB602C91264700C95AD2 /* Release */ = {
			isa = XCBuildConfiguration;
			buildSettings = {
				ALWAYS_SEARCH_USER_PATHS = NO;
				ASSETCATALOG_COMPILER_GENERATE_SWIFT_ASSET_SYMBOL_EXTENSIONS = YES;
				CLANG_ANALYZER_NONNULL = YES;
				CLANG_ANALYZER_NUMBER_OBJECT_CONVERSION = YES_AGGRESSIVE;
				CLANG_CXX_LANGUAGE_STANDARD = "gnu++20";
				CLANG_ENABLE_MODULES = YES;
				CLANG_ENABLE_OBJC_ARC = YES;
				CLANG_ENABLE_OBJC_WEAK = YES;
				CLANG_WARN_BLOCK_CAPTURE_AUTORELEASING = YES;
				CLANG_WARN_BOOL_CONVERSION = YES;
				CLANG_WARN_COMMA = YES;
				CLANG_WARN_CONSTANT_CONVERSION = YES;
				CLANG_WARN_DEPRECATED_OBJC_IMPLEMENTATIONS = YES;
				CLANG_WARN_DIRECT_OBJC_ISA_USAGE = YES_ERROR;
				CLANG_WARN_DOCUMENTATION_COMMENTS = YES;
				CLANG_WARN_EMPTY_BODY = YES;
				CLANG_WARN_ENUM_CONVERSION = YES;
				CLANG_WARN_INFINITE_RECURSION = YES;
				CLANG_WARN_INT_CONVERSION = YES;
				CLANG_WARN_NON_LITERAL_NULL_CONVERSION = YES;
				CLANG_WARN_OBJC_IMPLICIT_RETAIN_SELF = YES;
				CLANG_WARN_OBJC_LITERAL_CONVERSION = YES;
				CLANG_WARN_OBJC_ROOT_CLASS = YES_ERROR;
				CLANG_WARN_QUOTED_INCLUDE_IN_FRAMEWORK_HEADER = YES;
				CLANG_WARN_RANGE_LOOP_ANALYSIS = YES;
				CLANG_WARN_STRICT_PROTOTYPES = YES;
				CLANG_WARN_SUSPICIOUS_MOVE = YES;
				CLANG_WARN_UNGUARDED_AVAILABILITY = YES_AGGRESSIVE;
				CLANG_WARN_UNREACHABLE_CODE = YES;
				CLANG_WARN__DUPLICATE_METHOD_MATCH = YES;
				COPY_PHASE_STRIP = NO;
				DEBUG_INFORMATION_FORMAT = "dwarf-with-dsym";
				ENABLE_NS_ASSERTIONS = NO;
				ENABLE_STRICT_OBJC_MSGSEND = YES;
				ENABLE_USER_SCRIPT_SANDBOXING = YES;
				GCC_C_LANGUAGE_STANDARD = gnu17;
				GCC_NO_COMMON_BLOCKS = YES;
				GCC_WARN_64_TO_32_BIT_CONVERSION = YES;
				GCC_WARN_ABOUT_RETURN_TYPE = YES_ERROR;
				GCC_WARN_UNDECLARED_SELECTOR = YES;
				GCC_WARN_UNINITIALIZED_AUTOS = YES_AGGRESSIVE;
				GCC_WARN_UNUSED_FUNCTION = YES;
				GCC_WARN_UNUSED_VARIABLE = YES;
				IPHONEOS_DEPLOYMENT_TARGET = 18.0;
				LOCALIZATION_PREFERS_STRING_CATALOGS = YES;
				MTL_ENABLE_DEBUG_INFO = NO;
				MTL_FAST_MATH = YES;
				SDKROOT = iphoneos;
				SWIFT_COMPILATION_MODE = wholemodule;
				VALIDATE_PRODUCT = YES;
			};
			name = Release;
		};
		5C6EDB622C91264700C95AD2 /* Debug */ = {
			isa = XCBuildConfiguration;
			buildSettings = {
				ASSETCATALOG_COMPILER_APPICON_NAME = AppIcon;
				ASSETCATALOG_COMPILER_GLOBAL_ACCENT_COLOR_NAME = AccentColor;
				CODE_SIGN_STYLE = Automatic;
				CURRENT_PROJECT_VERSION = 1;
				DEVELOPMENT_ASSET_PATHS = "\"Todo KAWAII/Preview Content\"";
				DEVELOPMENT_TEAM = YTQW99BMDM;
				ENABLE_PREVIEWS = YES;
				GENERATE_INFOPLIST_FILE = YES;
				INFOPLIST_KEY_UIApplicationSceneManifest_Generation = YES;
				INFOPLIST_KEY_UIApplicationSupportsIndirectInputEvents = YES;
				INFOPLIST_KEY_UILaunchScreen_Generation = YES;
				INFOPLIST_KEY_UISupportedInterfaceOrientations_iPad = "UIInterfaceOrientationPortrait UIInterfaceOrientationPortraitUpsideDown UIInterfaceOrientationLandscapeLeft UIInterfaceOrientationLandscapeRight";
				INFOPLIST_KEY_UISupportedInterfaceOrientations_iPhone = "UIInterfaceOrientationPortrait UIInterfaceOrientationLandscapeLeft UIInterfaceOrientationLandscapeRight";
				LD_RUNPATH_SEARCH_PATHS = (
					"$(inherited)",
					"@executable_path/Frameworks",
				);
				MARKETING_VERSION = 1.0;
				PRODUCT_BUNDLE_IDENTIFIER = "myproject.Todo-KAWAII";
				PRODUCT_NAME = "$(TARGET_NAME)";
				SWIFT_EMIT_LOC_STRINGS = YES;
				SWIFT_VERSION = 5.0;
				TARGETED_DEVICE_FAMILY = "1,2";
			};
			name = Debug;
		};
		5C6EDB632C91264700C95AD2 /* Release */ = {
			isa = XCBuildConfiguration;
			buildSettings = {
				ASSETCATALOG_COMPILER_APPICON_NAME = AppIcon;
				ASSETCATALOG_COMPILER_GLOBAL_ACCENT_COLOR_NAME = AccentColor;
				CODE_SIGN_STYLE = Automatic;
				CURRENT_PROJECT_VERSION = 1;
				DEVELOPMENT_ASSET_PATHS = "\"Todo KAWAII/Preview Content\"";
				DEVELOPMENT_TEAM = YTQW99BMDM;
				ENABLE_PREVIEWS = YES;
				GENERATE_INFOPLIST_FILE = YES;
				INFOPLIST_KEY_UIApplicationSceneManifest_Generation = YES;
				INFOPLIST_KEY_UIApplicationSupportsIndirectInputEvents = YES;
				INFOPLIST_KEY_UILaunchScreen_Generation = YES;
				INFOPLIST_KEY_UISupportedInterfaceOrientations_iPad = "UIInterfaceOrientationPortrait UIInterfaceOrientationPortraitUpsideDown UIInterfaceOrientationLandscapeLeft UIInterfaceOrientationLandscapeRight";
				INFOPLIST_KEY_UISupportedInterfaceOrientations_iPhone = "UIInterfaceOrientationPortrait UIInterfaceOrientationLandscapeLeft UIInterfaceOrientationLandscapeRight";
				LD_RUNPATH_SEARCH_PATHS = (
					"$(inherited)",
					"@executable_path/Frameworks",
				);
				MARKETING_VERSION = 1.0;
				PRODUCT_BUNDLE_IDENTIFIER = "myproject.Todo-KAWAII";
				PRODUCT_NAME = "$(TARGET_NAME)";
				SWIFT_EMIT_LOC_STRINGS = YES;
				SWIFT_VERSION = 5.0;
				TARGETED_DEVICE_FAMILY = "1,2";
			};
			name = Release;
		};
		5C6EDB652C91264700C95AD2 /* Debug */ = {
			isa = XCBuildConfiguration;
			buildSettings = {
				BUNDLE_LOADER = "$(TEST_HOST)";
				CODE_SIGN_STYLE = Automatic;
				CURRENT_PROJECT_VERSION = 1;
				DEVELOPMENT_TEAM = YTQW99BMDM;
				GENERATE_INFOPLIST_FILE = YES;
				IPHONEOS_DEPLOYMENT_TARGET = 18.0;
				MARKETING_VERSION = 1.0;
				PRODUCT_BUNDLE_IDENTIFIER = "myproject.Todo-KAWAIITests";
				PRODUCT_NAME = "$(TARGET_NAME)";
				SWIFT_EMIT_LOC_STRINGS = NO;
				SWIFT_VERSION = 5.0;
				TARGETED_DEVICE_FAMILY = "1,2";
				TEST_HOST = "$(BUILT_PRODUCTS_DIR)/Todo KAWAII.app/$(BUNDLE_EXECUTABLE_FOLDER_PATH)/Todo KAWAII";
			};
			name = Debug;
		};
		5C6EDB662C91264700C95AD2 /* Release */ = {
			isa = XCBuildConfiguration;
			buildSettings = {
				BUNDLE_LOADER = "$(TEST_HOST)";
				CODE_SIGN_STYLE = Automatic;
				CURRENT_PROJECT_VERSION = 1;
				DEVELOPMENT_TEAM = YTQW99BMDM;
				GENERATE_INFOPLIST_FILE = YES;
				IPHONEOS_DEPLOYMENT_TARGET = 18.0;
				MARKETING_VERSION = 1.0;
				PRODUCT_BUNDLE_IDENTIFIER = "myproject.Todo-KAWAIITests";
				PRODUCT_NAME = "$(TARGET_NAME)";
				SWIFT_EMIT_LOC_STRINGS = NO;
				SWIFT_VERSION = 5.0;
				TARGETED_DEVICE_FAMILY = "1,2";
				TEST_HOST = "$(BUILT_PRODUCTS_DIR)/Todo KAWAII.app/$(BUNDLE_EXECUTABLE_FOLDER_PATH)/Todo KAWAII";
			};
			name = Release;
		};
		5C6EDB682C91264700C95AD2 /* Debug */ = {
			isa = XCBuildConfiguration;
			buildSettings = {
				CODE_SIGN_STYLE = Automatic;
				CURRENT_PROJECT_VERSION = 1;
				DEVELOPMENT_TEAM = YTQW99BMDM;
				GENERATE_INFOPLIST_FILE = YES;
				MARKETING_VERSION = 1.0;
				PRODUCT_BUNDLE_IDENTIFIER = "myproject.Todo-KAWAIIUITests";
				PRODUCT_NAME = "$(TARGET_NAME)";
				SWIFT_EMIT_LOC_STRINGS = NO;
				SWIFT_VERSION = 5.0;
				TARGETED_DEVICE_FAMILY = "1,2";
				TEST_TARGET_NAME = "Todo KAWAII";
			};
			name = Debug;
		};
		5C6EDB692C91264700C95AD2 /* Release */ = {
			isa = XCBuildConfiguration;
			buildSettings = {
				CODE_SIGN_STYLE = Automatic;
				CURRENT_PROJECT_VERSION = 1;
				DEVELOPMENT_TEAM = YTQW99BMDM;
				GENERATE_INFOPLIST_FILE = YES;
				MARKETING_VERSION = 1.0;
				PRODUCT_BUNDLE_IDENTIFIER = "myproject.Todo-KAWAIIUITests";
				PRODUCT_NAME = "$(TARGET_NAME)";
				SWIFT_EMIT_LOC_STRINGS = NO;
				SWIFT_VERSION = 5.0;
				TARGETED_DEVICE_FAMILY = "1,2";
				TEST_TARGET_NAME = "Todo KAWAII";
			};
			name = Release;
		};
/* End XCBuildConfiguration section */

/* Begin XCConfigurationList section */
		5C6EDB362C91264500C95AD2 /* Build configuration list for PBXProject "Todo KAWAII" */ = {
			isa = XCConfigurationList;
			buildConfigurations = (
				5C6EDB5F2C91264700C95AD2 /* Debug */,
				5C6EDB602C91264700C95AD2 /* Release */,
			);
			defaultConfigurationIsVisible = 0;
			defaultConfigurationName = Release;
		};
		5C6EDB612C91264700C95AD2 /* Build configuration list for PBXNativeTarget "Todo KAWAII" */ = {
			isa = XCConfigurationList;
			buildConfigurations = (
				5C6EDB622C91264700C95AD2 /* Debug */,
				5C6EDB632C91264700C95AD2 /* Release */,
			);
			defaultConfigurationIsVisible = 0;
			defaultConfigurationName = Release;
		};
		5C6EDB642C91264700C95AD2 /* Build configuration list for PBXNativeTarget "Todo KAWAIITests" */ = {
			isa = XCConfigurationList;
			buildConfigurations = (
				5C6EDB652C91264700C95AD2 /* Debug */,
				5C6EDB662C91264700C95AD2 /* Release */,
			);
			defaultConfigurationIsVisible = 0;
			defaultConfigurationName = Release;
		};
		5C6EDB672C91264700C95AD2 /* Build configuration list for PBXNativeTarget "Todo KAWAIIUITests" */ = {
			isa = XCConfigurationList;
			buildConfigurations = (
				5C6EDB682C91264700C95AD2 /* Debug */,
				5C6EDB692C91264700C95AD2 /* Release */,
			);
			defaultConfigurationIsVisible = 0;
			defaultConfigurationName = Release;
		};
/* End XCConfigurationList section */
	};
	rootObject = 5C6EDB332C91264500C95AD2 /* Project object */;
}
